Microsoft Visual Studio Solution File, Format Version 12.00
# Visual Studio Version 17
VisualStudioVersion = 17.5.2.0
MinimumVisualStudioVersion = 10.0.40219.1
Project("{FAE04EC0-301F-11D3-BF4B-00C04F79EFBC}") = "ResumeTailorAI", "ResumeTailorAI.csproj", "{6295246F-EF2D-4CCA-9778-5ED976C965E8}"
EndProject
Global
	GlobalSection(SolutionConfigurationPlatforms) = preSolution
		Debug|Any CPU = Debug|Any CPU
		Release|Any CPU = Release|Any CPU
	EndGlobalSection
	GlobalSection(ProjectConfigurationPlatforms) = postSolution
		{6295246F-EF2D-4CCA-9778-5ED976C965E8}.Debug|Any CPU.ActiveCfg = Debug|Any CPU
		{6295246F-EF2D-4CCA-9778-5ED976C965E8}.Debug|Any CPU.Build.0 = Debug|Any CPU
		{6295246F-EF2D-4CCA-9778-5ED976C965E8}.Release|Any CPU.ActiveCfg = Release|Any CPU
		{6295246F-EF2D-4CCA-9778-5ED976C965E8}.Release|Any CPU.Build.0 = Release|Any CPU
	EndGlobalSection
	GlobalSection(SolutionProperties) = preSolution
		HideSolutionNode = FALSE
	EndGlobalSection
	GlobalSection(ExtensibilityGlobals) = postSolution
		SolutionGuid = {3C27EB1F-9A75-485B-94CE-E5352BE0D61E}
	EndGlobalSection
EndGlobal
